github.com/bassosimone/errclass v0.0.0-20260828073715-fc855052d7a1 h1:LOozqDO8Mun7E9fD/1cL/C2EKq7kLa395IvYQyHf7UI=
github.com/bassosimone/errclass v0.0.0-20260828073715-fc855052d7a1/go.mod h1:rFjjJ8WzDcLLGbge1nVGpRHbjCBEb9etApd59Ii/7x8=
github.com/bassosimone/netstub v0.0.0-20260828082500-583e8874b802 h1:zuQe979MvtVIC9o3seYuQynl1/LsYvi1+xDn5I9gSRQ=
github.com/bassosimone/netstub v0.0.0-20260828082500-583e8874b802/go.mod h1:4yoMeEZ075XAJH+95qBeO0ecXEDJcndDkTj5bRn8jU8=
github.com/bassosimone/runtimex v0.0.0-20260828074549-6e2e561f98d1 h1:cKgPj0sf9H1nDgwza2s0aunfBo3igVtdTxBWXWxJaIA=
github.com/bassosimone/runtimex v0.0.0-20260828074549-6e2e561f98d1/go.mod h1:51CWZgVstdhEzW1qbZS1sZYehVdQOPGZhmXKZSjIoeI=
github.com/bassosimone/safeconn v0.0.0-20260828084738-4fe9eb52c89a h1:stYemoRDCO/dmYLIdLRl5qq3IUWZBiAVXToFLCEXMac=
github.com/bassosimone/safeconn v0.0.0-20260828084738-4fe9eb52c89a/go.mod h1:Chk9j7QtJMQgk79Zrvtex43985QV8w+7Pg92ZnG+RlE=
github.com/bassosimone/slogstub v0.0.0-20260828082731-94119708cc2f h1:9NRDrhR9q0MzfMp1FHjt52r+W5uB0ixqjJG+NO1QvK0=
github.com/bassosimone/slogstub v0.0.0-20260828082731-94119708cc2f/go.mod h1:wOA3FxSh6Cm/qIqYKhNj1PEepm10/r7q/RKk54uRc+Y=
github.com/bassosimone/tlsstub v0.0.0-20260828085009-43197e23021b h1:CbFHW22xwzQB/kBYxtEBqzPeW9uqxd/gik06UUL4Lhk=
github.com/bassosimone/tlsstub v0.0.0-20260828085009-43197e23021b/go.mod h1:UJWE9OxhproLebrceFtB/YDCOk8AJ/bfU08pBOp7v9c=
github.com/stretchr/testify v1.12.1 h1:EuwCh5fleGS7H32xRwO3wRGT7DxrDhLAT6FF8MpWDWE=
github.com/stretchr/testify v1.12.1/go.mod h1:MDEgiDPPsNp5cuIrHPPCyornHKgEVbtFUmoNlxoYthg=
go.yaml.in/yaml/v3 v3.0.5 h1:N6y/pJk8buWs9NY5ERU2HSMfm+IuD/OtfdAnq6kESPw=
go.yaml.in/yaml/v3 v3.0.5/go.mod h1:HVTZu1O7/Vkt2N+BFy8Zza+lnLsABggaTM2ZpNIGuKg=
golang.org/x/sys v0.47.0 h1:o7XGOvZQCADBQQ4Y7VNq2dRWQR7JmOUW8Kxx4ZsNgWs=
golang.org/x/sys v0.47.0/go.mod h1:4GL1E5IUh+htKOUEOaiffhrAeqysfVGipDYzABqnCmw=
