github.com/bassosimone/errclass v0.0.0-20260622075814-f5cf99a63fcb h1:jfqjYZDJqx2VeYMMo79HQa/s8jlR0WbBONaqXbcZvUk=
github.com/bassosimone/errclass v0.0.0-20260622075814-f5cf99a63fcb/go.mod h1:iCdYQvFRQh0150RAsMxFT+svFsQj11IJS1ZyIXoMjU4=
github.com/bassosimone/netstub v0.0.0-20260708092707-84f2b5087f74 h1:2rJxwp/mYZqqjCriaPGQmR8pKuu30YEJBgXuHk86QwE=
github.com/bassosimone/netstub v0.0.0-20260708092707-84f2b5087f74/go.mod h1:J1RtDq/9g3hJjT6Rp09eXOR87DQelo5PSXyNZ/zz2L4=
github.com/bassosimone/runtimex v0.0.0-20260708083610-01df83158243 h1:eqkVFAGD50avpsTGPI65++xpau6lWtud+pPhFergzBM=
github.com/bassosimone/runtimex v0.0.0-20260708083610-01df83158243/go.mod h1:GDr46yuJzuDkzOMI1/9Voo3s7VmYBU/6pkuaI5FR7gE=
github.com/bassosimone/safeconn v0.0.0-20260708110420-2e84cdf843e7 h1:LiaVAtp0J04piGS9ar9tKX0v5KWy9VxN8cNerfsdHSg=
github.com/bassosimone/safeconn v0.0.0-20260708110420-2e84cdf843e7/go.mod h1:EZvc1krmm/cVUBb2Lm9vDWOnDRQS11OcZc6P/74c2kw=
github.com/bassosimone/slogstub v0.0.0-20260708094810-adb764838af5 h1:F7DTX0/d8wnWHa1TycQGu8ORY6vdEMptAdrkY94CEOo=
github.com/bassosimone/slogstub v0.0.0-20260708094810-adb764838af5/go.mod h1:rcBJX83ELb0oNM+xfEjz/U8mYEAt8JZVdZmfpVlWMwc=
github.com/bassosimone/tlsstub v0.0.0-20260708111112-e0ba13e57c7b h1:jaEbIc8tbh3i7n+vBF0H52297paKJFrgzZOrSaydQwk=
github.com/bassosimone/tlsstub v0.0.0-20260708111112-e0ba13e57c7b/go.mod h1:Kz51LGzPM0q5Q2qGFwRqPdFKgm34PQabGDvcKFxOXTY=
github.com/davecgh/go-spew v1.1.1 h1:vj9j/u1bqnvCEfJOwUhtlOARqs3+rkHYY13jYWTU97c=
github.com/davecgh/go-spew v1.1.1/go.mod h1:J7Y8YcW2NihsgmVo/mv3lAwl/skON4iLHjSsI+c5H38=
github.com/pmezard/go-difflib v1.0.0 h1:4DBwDE0NGyQoBHbLQYPwSUPoCMWR5BEzIk/f1lZbAQM=
github.com/pmezard/go-difflib v1.0.0/go.mod h1:iKH77koFhYxTK1pcRnkKkqfTogsbg7gZNVY4sRDYZ/4=
github.com/stretchr/testify v1.11.1 h1:7s2iGBzp5EwR7/aIZr8ao5+dra3wiQyKjjFuvgVKu7U=
github.com/stretchr/testify v1.11.1/go.mod h1:wZwfW3scLgRK+23gO65QZefKpKQRnfz6sD981Nm4B6U=
golang.org/x/sys v0.47.0 h1:o7XGOvZQCADBQQ4Y7VNq2dRWQR7JmOUW8Kxx4ZsNgWs=
golang.org/x/sys v0.47.0/go.mod h1:4GL1E5IUh+htKOUEOaiffhrAeqysfVGipDYzABqnCmw=
gopkg.in/check.v1 v0.0.0-20161208181325-20d25e280405 h1:yhCVgyC4o1eVCa2tZl7eS0r+SDo693bJlVdllGtEeKM=
gopkg.in/check.v1 v0.0.0-20161208181325-20d25e280405/go.mod h1:Co6ibVJAznAaIkqp8huTwlJQCZ016jof/cbN4VW5Yz0=
gopkg.in/yaml.v3 v3.0.1 h1:fxVm/GzAzEWqLHuvctI91KS9hhNmmWOoWu0XTYJS7CA=
gopkg.in/yaml.v3 v3.0.1/go.mod h1:K4uyk7z7BCEPqu6E+C64Yfv1cQ7kz7rIZviUmN+EgEM=
